// !$*UTF8*$!
{
	archiveVersion = 1;
	classes = {
	};
	objectVersion = 46;
	objects = {

/* Begin PBXBuildFile section */
		70262E1D1EDC13050079ACD2 /* String+Extension.swift in Sources */ = {isa = PBXBuildFile; fileRef = 70262E1C1EDC13050079ACD2 /* String+Extension.swift */; };
		70262E221EDC3DC10079ACD2 /* Double+Extension.swift in Sources */ = {isa = PBXBuildFile; fileRef = 70262E211EDC3DC10079ACD2 /* Double+Extension.swift */; };
		70262E241EDC58990079ACD2 /* UIColor+Extension.swift in Sources */ = {isa = PBXBuildFile; fileRef = 70262E231EDC58990079ACD2 /* UIColor+Extension.swift */; };
		70809AC91EDA982F001628E8 /* HomeViewController+Extension.swift in Sources */ = {isa = PBXBuildFile; fileRef = 70809AC81EDA982F001628E8 /* HomeViewController+Extension.swift */; };
		70BBE3AD1ED9248A001D742F /* AppDelegate.swift in Sources */ = {isa = PBXBuildFile; fileRef = 70BBE3AC1ED9248A001D742F /* AppDelegate.swift */; };
		70BBE3AF1ED9248A001D742F /* HomeController.swift in Sources */ = {isa = PBXBuildFile; fileRef = 70BBE3AE1ED9248A001D742F /* HomeController.swift */; };
		70BBE3B21ED9248B001D742F /* Main.storyboard in Resources */ = {isa = PBXBuildFile; fileRef = 70BBE3B01ED9248B001D742F /* Main.storyboard */; };
		70BBE3B41ED9248B001D742F /* Assets.xcassets in Resources */ = {isa = PBXBuildFile; fileRef = 70BBE3B31ED9248B001D742F /* Assets.xcassets */; };
		70BBE3B71ED9248B001D742F /* LaunchScreen.storyboard in Resources */ = {isa = PBXBuildFile; fileRef = 70BBE3B51ED9248B001D742F /* LaunchScreen.storyboard */; };
		70BBE3C21ED9248B001D742F /* SoolyCaculatorTests.swift in Sources */ = {isa = PBXBuildFile; fileRef = 70BBE3C11ED9248B001D742F /* SoolyCaculatorTests.swift */; };
		70BBE3CD1ED9248C001D742F /* SoolyCaculatorUITests.swift in Sources */ = {isa = PBXBuildFile; fileRef = 70BBE3CC1ED9248C001D742F /* SoolyCaculatorUITests.swift */; };
		70BBE3DB1ED951E1001D742F /* Header.swift in Sources */ = {isa = PBXBuildFile; fileRef = 70BBE3DA1ED951E1001D742F /* Header.swift */; };
		70BBE3DD1ED9525B001D742F /* UIButton+Extension.swift in Sources */ = {isa = PBXBuildFile; fileRef = 70BBE3DC1ED9525B001D742F /* UIButton+Extension.swift */; };
/* End PBXBuildFile section */

/* Begin PBXContainerItemProxy section */
		70BBE3BE1ED9248B001D742F /* PBXContainerItemProxy */ = {
			isa = PBXContainerItemProxy;
			containerPortal = 70BBE3A11ED9248A001D742F /* Project object */;
			proxyType = 1;
			remoteGlobalIDString = 70BBE3A81ED9248A001D742F;
			remoteInfo = SoolyCaculator;
		};
		70BBE3C91ED9248C001D742F /* PBXContainerItemProxy */ = {
			isa = PBXContainerItemProxy;
			containerPortal = 70BBE3A11ED9248A001D742F /* Project object */;
			proxyType = 1;
			remoteGlobalIDString = 70BBE3A81ED9248A001D742F;
			remoteInfo = SoolyCaculator;
		};
/* End PBXContainerItemProxy section */

/* Begin PBXFileReference section */
		70262E1C1EDC13050079ACD2 /* String+Extension.swift */ = {isa = PBXFileReference; fileEncoding = 4; lastKnownFileType = sourcecode.swift; path = "String+Extension.swift"; sourceTree = "<group>"; };
		70262E211EDC3DC10079ACD2 /* Double+Extension.swift */ = {isa = PBXFileReference; fileEncoding = 4; lastKnownFileType = sourcecode.swift; path = "Double+Extension.swift"; sourceTree = "<group>"; };
		70262E231EDC58990079ACD2 /* UIColor+Extension.swift */ = {isa = PBXFileReference; fileEncoding = 4; lastKnownFileType = sourcecode.swift; path = "UIColor+Extension.swift"; sourceTree = "<group>"; };
		70809AC81EDA982F001628E8 /* HomeViewController+Extension.swift */ = {isa = PBXFileReference; fileEncoding = 4; lastKnownFileType = sourcecode.swift; path = "HomeViewController+Extension.swift"; sourceTree = "<group>"; };
		70BBE3A91ED9248A001D742F /* SoolyCaculator.app */ = {isa = PBXFileReference; explicitFileType = wrapper.application; includeInIndex = 0; path = SoolyCaculator.app; sourceTree = BUILT_PRODUCTS_DIR; };
		70BBE3AC1ED9248A001D742F /* AppDelegate.swift */ = {isa = PBXFileReference; lastKnownFileType = sourcecode.swift; path = AppDelegate.swift; sourceTree = "<group>"; };
		70BBE3AE1ED9248A001D742F /* HomeController.swift */ = {isa = PBXFileReference; lastKnownFileType = sourcecode.swift; path = HomeController.swift; sourceTree = "<group>"; };
		70BBE3B11ED9248B001D742F /* Base */ = {isa = PBXFileReference; lastKnownFileType = file.storyboard; name = Base; path = Base.lproj/Main.storyboard; sourceTree = "<group>"; };
		70BBE3B31ED9248B001D742F /* Assets.xcassets */ = {isa = PBXFileReference; lastKnownFileType = folder.assetcatalog; path = Assets.xcassets; sourceTree = "<group>"; };
		70BBE3B61ED9248B001D742F /* Base */ = {isa = PBXFileReference; lastKnownFileType = file.storyboard; name = Base; path = Base.lproj/LaunchScreen.storyboard; sourceTree = "<group>"; };
		70BBE3B81ED9248B001D742F /* Info.plist */ = {isa = PBXFileReference; lastKnownFileType = text.plist.xml; path = Info.plist; sourceTree = "<group>"; };
		70BBE3BD1ED9248B001D742F /* SoolyCaculatorTests.xctest */ = {isa = PBXFileReference; explicitFileType = wrapper.cfbundle; includeInIndex = 0; path = SoolyCaculatorTests.xctest; sourceTree = BUILT_PRODUCTS_DIR; };
		70BBE3C11ED9248B001D742F /* SoolyCaculatorTests.swift */ = {isa = PBXFileReference; lastKnownFileType = sourcecode.swift; path = SoolyCaculatorTests.swift; sourceTree = "<group>"; };
		70BBE3C31ED9248C001D742F /* Info.plist */ = {isa = PBXFileReference; lastKnownFileType = text.plist.xml; path = Info.plist; sourceTree = "<group>"; };
		70BBE3C81ED9248C001D742F /* SoolyCaculatorUITests.xctest */ = {isa = PBXFileReference; explicitFileType = wrapper.cfbundle; includeInIndex = 0; path = SoolyCaculatorUITests.xctest; sourceTree = BUILT_PRODUCTS_DIR; };
		70BBE3CC1ED9248C001D742F /* SoolyCaculatorUITests.swift */ = {isa = PBXFileReference; lastKnownFileType = sourcecode.swift; path = SoolyCaculatorUITests.swift; sourceTree = "<group>"; };
		70BBE3CE1ED9248C001D742F /* Info.plist */ = {isa = PBXFileReference; lastKnownFileType = text.plist.xml; path = Info.plist; sourceTree = "<group>"; };
		70BBE3DA1ED951E1001D742F /* Header.swift */ = {isa = PBXFileReference; fileEncoding = 4; lastKnownFileType = sourcecode.swift; path = Header.swift; sourceTree = "<group>"; };
		70BBE3DC1ED9525B001D742F /* UIButton+Extension.swift */ = {isa = PBXFileReference; fileEncoding = 4; lastKnownFileType = sourcecode.swift; path = "UIButton+Extension.swift"; sourceTree = "<group>"; };
/* End PBXFileReference section */

/* Begin PBXFrameworksBuildPhase section */
		70BBE3A61ED9248A001D742F /* Frameworks */ = {
			isa = PBXFrameworksBuildPhase;
			buildActionMask = 2147483647;
			files = (
			);
			runOnlyForDeploymentPostprocessing = 0;
		};
		70BBE3BA1ED9248B001D742F /* Frameworks */ = {
			isa = PBXFrameworksBuildPhase;
			buildActionMask = 2147483647;
			files = (
			);
			runOnlyForDeploymentPostprocessing = 0;
		};
		70BBE3C51ED9248C001D742F /* Frameworks */ = {
			isa = PBXFrameworksBuildPhase;
			buildActionMask = 2147483647;
			files = (
			);
			runOnlyForDeploymentPostprocessing = 0;
		};
/* End PBXFrameworksBuildPhase section */

/* Begin PBXGroup section */
		70262E201EDC39390079ACD2 /* Extensions */ = {
			isa = PBXGroup;
			children = (
				70BBE3DC1ED9525B001D742F /* UIButton+Extension.swift */,
				70262E1C1EDC13050079ACD2 /* String+Extension.swift */,
				70262E211EDC3DC10079ACD2 /* Double+Extension.swift */,
				70262E231EDC58990079ACD2 /* UIColor+Extension.swift */,
			);
			name = Extensions;
			sourceTree = "<group>";
		};
		70809ACA1EDA99A3001628E8 /* Controller */ = {
			isa = PBXGroup;
			children = (
				70BBE3AE1ED9248A001D742F /* HomeController.swift */,
				70809AC81EDA982F001628E8 /* HomeViewController+Extension.swift */,
			);
			name = Controller;
			sourceTree = "<group>";
		};
		70809ACB1EDA99AF001628E8 /* Resource */ = {
			isa = PBXGroup;
			children = (
				70BBE3B31ED9248B001D742F /* Assets.xcassets */,
				70BBE3B81ED9248B001D742F /* Info.plist */,
				70BBE3DA1ED951E1001D742F /* Header.swift */,
			);
			name = Resource;
			path = SoolyCaculator;
			sourceTree = "<group>";
		};
		70BBE3A01ED9248A001D742F = {
			isa = PBXGroup;
			children = (
				70BBE3AB1ED9248A001D742F /* SoolyCaculator */,
				70809ACB1EDA99AF001628E8 /* Resource */,
				70BBE3C01ED9248B001D742F /* SoolyCaculatorTests */,
				70BBE3CB1ED9248C001D742F /* SoolyCaculatorUITests */,
				70BBE3AA1ED9248A001D742F /* Products */,
			);
			sourceTree = "<group>";
		};
		70BBE3AA1ED9248A001D742F /* Products */ = {
			isa = PBXGroup;
			children = (
				70BBE3A91ED9248A001D742F /* SoolyCaculator.app */,
				70BBE3BD1ED9248B001D742F /* SoolyCaculatorTests.xctest */,
				70BBE3C81ED9248C001D742F /* SoolyCaculatorUITests.xctest */,
			);
			name = Products;
			sourceTree = "<group>";
		};
		70BBE3AB1ED9248A001D742F /* SoolyCaculator */ = {
			isa = PBXGroup;
			children = (
				70BBE3AC1ED9248A001D742F /* AppDelegate.swift */,
				70809ACA1EDA99A3001628E8 /* Controller */,
				70262E201EDC39390079ACD2 /* Extensions */,
				70BBE3B01ED9248B001D742F /* Main.storyboard */,
				70BBE3B51ED9248B001D742F /* LaunchScreen.storyboard */,
			);
			path = SoolyCaculator;
			sourceTree = "<group>";
		};
		70BBE3C01ED9248B001D742F /* SoolyCaculatorTests */ = {
			isa = PBXGroup;
			children = (
				70BBE3C11ED9248B001D742F /* SoolyCaculatorTests.swift */,
				70BBE3C31ED9248C001D742F /* Info.plist */,
			);
			path = SoolyCaculatorTests;
			sourceTree = "<group>";
		};
		70BBE3CB1ED9248C001D742F /* SoolyCaculatorUITests */ = {
			isa = PBXGroup;
			children = (
				70BBE3CC1ED9248C001D742F /* SoolyCaculatorUITests.swift */,
				70BBE3CE1ED9248C001D742F /* Info.plist */,
			);
			path = SoolyCaculatorUITests;
			sourceTree = "<group>";
		};
/* End PBXGroup section */

/* Begin PBXNativeTarget section */
		70BBE3A81ED9248A001D742F /* SoolyCaculator */ = {
			isa = PBXNativeTarget;
			buildConfigurationList = 70BBE3D11ED9248C001D742F /* Build configuration list for PBXNativeTarget "SoolyCaculator" */;
			buildPhases = (
				70BBE3A51ED9248A001D742F /* Sources */,
				70BBE3A61ED9248A001D742F /* Frameworks */,
				70BBE3A71ED9248A001D742F /* Resources */,
			);
			buildRules = (
			);
			dependencies = (
			);
			name = SoolyCaculator;
			productName = SoolyCaculator;
			productReference = 70BBE3A91ED9248A001D742F /* SoolyCaculator.app */;
			productType = "com.apple.product-type.application";
		};
		70BBE3BC1ED9248B001D742F /* SoolyCaculatorTests */ = {
			isa = PBXNativeTarget;
			buildConfigurationList = 70BBE3D41ED9248C001D742F /* Build configuration list for PBXNativeTarget "SoolyCaculatorTests" */;
			buildPhases = (
				70BBE3B91ED9248B001D742F /* Sources */,
				70BBE3BA1ED9248B001D742F /* Frameworks */,
				70BBE3BB1ED9248B001D742F /* Resources */,
			);
			buildRules = (
			);
			dependencies = (
				70BBE3BF1ED9248B001D742F /* PBXTargetDependency */,
			);
			name = SoolyCaculatorTests;
			productName = SoolyCaculatorTests;
			productReference = 70BBE3BD1ED9248B001D742F /* SoolyCaculatorTests.xctest */;
			productType = "com.apple.product-type.bundle.unit-test";
		};
		70BBE3C71ED9248C001D742F /* SoolyCaculatorUITests */ = {
			isa = PBXNativeTarget;
			buildConfigurationList = 70BBE3D71ED9248C001D742F /* Build configuration list for PBXNativeTarget "SoolyCaculatorUITests" */;
			buildPhases = (
				70BBE3C41ED9248C001D742F /* Sources */,
				70BBE3C51ED9248C001D742F /* Frameworks */,
				70BBE3C61ED9248C001D742F /* Resources */,
			);
			buildRules = (
			);
			dependencies = (
				70BBE3CA1ED9248C001D742F /* PBXTargetDependency */,
			);
			name = SoolyCaculatorUITests;
			productName = SoolyCaculatorUITests;
			productReference = 70BBE3C81ED9248C001D742F /* SoolyCaculatorUITests.xctest */;
			productType = "com.apple.product-type.bundle.ui-testing";
		};
/* End PBXNativeTarget section */

/* Begin PBXProject section */
		70BBE3A11ED9248A001D742F /* Project object */ = {
			isa = PBXProject;
			attributes = {
				LastSwiftUpdateCheck = 0830;
				LastUpgradeCheck = 0830;
				ORGANIZATIONNAME = SoolyChristina;
				TargetAttributes = {
					70BBE3A81ED9248A001D742F = {
						CreatedOnToolsVersion = 8.3.1;
						DevelopmentTeam = 7523YW79F8;
						ProvisioningStyle = Automatic;
					};
					70BBE3BC1ED9248B001D742F = {
						CreatedOnToolsVersion = 8.3.1;
						DevelopmentTeam = 7523YW79F8;
						ProvisioningStyle = Automatic;
						TestTargetID = 70BBE3A81ED9248A001D742F;
					};
					70BBE3C71ED9248C001D742F = {
						CreatedOnToolsVersion = 8.3.1;
						DevelopmentTeam = 7523YW79F8;
						ProvisioningStyle = Automatic;
						TestTargetID = 70BBE3A81ED9248A001D742F;
					};
				};
			};
			buildConfigurationList = 70BBE3A41ED9248A001D742F /* Build configuration list for PBXProject "SoolyCaculator" */;
			compatibilityVersion = "Xcode 3.2";
			developmentRegion = English;
			hasScannedForEncodings = 0;
			knownRegions = (
				en,
				Base,
			);
			mainGroup = 70BBE3A01ED9248A001D742F;
			productRefGroup = 70BBE3AA1ED9248A001D742F /* Products */;
			projectDirPath = "";
			projectRoot = "";
			targets = (
				70BBE3A81ED9248A001D742F /* SoolyCaculator */,
				70BBE3BC1ED9248B001D742F /* SoolyCaculatorTests */,
				70BBE3C71ED9248C001D742F /* SoolyCaculatorUITests */,
			);
		};
/* End PBXProject section */

/* Begin PBXResourcesBuildPhase section */
		70BBE3A71ED9248A001D742F /* Resources */ = {
			isa = PBXResourcesBuildPhase;
			buildActionMask = 2147483647;
			files = (
				70BBE3B71ED9248B001D742F /* LaunchScreen.storyboard in Resources */,
				70BBE3B41ED9248B001D742F /* Assets.xcassets in Resources */,
				70BBE3B21ED9248B001D742F /* Main.storyboard in Resources */,
			);
			runOnlyForDeploymentPostprocessing = 0;
		};
		70BBE3BB1ED9248B001D742F /* Resources */ = {
			isa = PBXResourcesBuildPhase;
			buildActionMask = 2147483647;
			files = (
			);
			runOnlyForDeploymentPostprocessing = 0;
		};
		70BBE3C61ED9248C001D742F /* Resources */ = {
			isa = PBXResourcesBuildPhase;
			buildActionMask = 2147483647;
			files = (
			);
			runOnlyForDeploymentPostprocessing = 0;
		};
/* End PBXResourcesBuildPhase section */

/* Begin PBXSourcesBuildPhase section */
		70BBE3A51ED9248A001D742F /* Sources */ = {
			isa = PBXSourcesBuildPhase;
			buildActionMask = 2147483647;
			files = (
				70BBE3AF1ED9248A001D742F /* HomeController.swift in Sources */,
				70BBE3DD1ED9525B001D742F /* UIButton+Extension.swift in Sources */,
				70262E221EDC3DC10079ACD2 /* Double+Extension.swift in Sources */,
				70BBE3DB1ED951E1001D742F /* Header.swift in Sources */,
				70809AC91EDA982F001628E8 /* HomeViewController+Extension.swift in Sources */,
				70262E1D1EDC13050079ACD2 /* String+Extension.swift in Sources */,
				70BBE3AD1ED9248A001D742F /* AppDelegate.swift in Sources */,
				70262E241EDC58990079ACD2 /* UIColor+Extension.swift in Sources */,
			);
			runOnlyForDeploymentPostprocessing = 0;
		};
		70BBE3B91ED9248B001D742F /* Sources */ = {
			isa = PBXSourcesBuildPhase;
			buildActionMask = 2147483647;
			files = (
				70BBE3C21ED9248B001D742F /* SoolyCaculatorTests.swift in Sources */,
			);
			runOnlyForDeploymentPostprocessing = 0;
		};
		70BBE3C41ED9248C001D742F /* Sources */ = {
			isa = PBXSourcesBuildPhase;
			buildActionMask = 2147483647;
			files = (
				70BBE3CD1ED9248C001D742F /* SoolyCaculatorUITests.swift in Sources */,
			);
			runOnlyForDeploymentPostprocessing = 0;
		};
/* End PBXSourcesBuildPhase section */

/* Begin PBXTargetDependency section */
		70BBE3BF1ED9248B001D742F /* PBXTargetDependency */ = {
			isa = PBXTargetDependency;
			target = 70BBE3A81ED9248A001D742F /* SoolyCaculator */;
			targetProxy = 70BBE3BE1ED9248B001D742F /* PBXContainerItemProxy */;
		};
		70BBE3CA1ED9248C001D742F /* PBXTargetDependency */ = {
			isa = PBXTargetDependency;
			target = 70BBE3A81ED9248A001D742F /* SoolyCaculator */;
			targetProxy = 70BBE3C91ED9248C001D742F /* PBXContainerItemProxy */;
		};
/* End PBXTargetDependency section */

/* Begin PBXVariantGroup section */
		70BBE3B01ED9248B001D742F /* Main.storyboard */ = {
			isa = PBXVariantGroup;
			children = (
				70BBE3B11ED9248B001D742F /* Base */,
			);
			name = Main.storyboard;
			sourceTree = "<group>";
		};
		70BBE3B51ED9248B001D742F /* LaunchScreen.storyboard */ = {
			isa = PBXVariantGroup;
			children = (
				70BBE3B61ED9248B001D742F /* Base */,
			);
			name = LaunchScreen.storyboard;
			sourceTree = "<group>";
		};
/* End PBXVariantGroup section */

/* Begin XCBuildConfiguration section */
		70BBE3CF1ED9248C001D742F /* Debug */ = {
			isa = XCBuildConfiguration;
			buildSettings = {
				ALWAYS_SEARCH_USER_PATHS = NO;
				CLANG_ANALYZER_NONNULL = YES;
				CLANG_ANALYZER_NUMBER_OBJECT_CONVERSION = YES_AGGRESSIVE;
				CLANG_CXX_LANGUAGE_STANDARD = "gnu++0x";
				CLANG_CXX_LIBRARY = "libc++";
				CLANG_ENABLE_MODULES = YES;
				CLANG_ENABLE_OBJC_ARC = YES;
				CLANG_WARN_BOOL_CONVERSION = YES;
				CLANG_WARN_CONSTANT_CONVERSION = YES;
				CLANG_WARN_DIRECT_OBJC_ISA_USAGE = YES_ERROR;
				CLANG_WARN_DOCUMENTATION_COMMENTS = YES;
				CLANG_WARN_EMPTY_BODY = YES;
				CLANG_WARN_ENUM_CONVERSION = YES;
				CLANG_WARN_INFINITE_RECURSION = YES;
				CLANG_WARN_INT_CONVERSION = YES;
				CLANG_WARN_OBJC_ROOT_CLASS = YES_ERROR;
				CLANG_WARN_SUSPICIOUS_MOVE = YES;
				CLANG_WARN_UNREACHABLE_CODE = YES;
				CLANG_WARN__DUPLICATE_METHOD_MATCH = YES;
				"CODE_SIGN_IDENTITY[sdk=iphoneos*]" = "iPhone Developer";
				COPY_PHASE_STRIP = NO;
				DEBUG_INFORMATION_FORMAT = dwarf;
				ENABLE_STRICT_OBJC_MSGSEND = YES;
				ENABLE_TESTABILITY = YES;
				GCC_C_LANGUAGE_STANDARD = gnu99;
				GCC_DYNAMIC_NO_PIC = NO;
				GCC_NO_COMMON_BLOCKS = YES;
				GCC_OPTIMIZATION_LEVEL = 0;
				GCC_PREPROCESSOR_DEFINITIONS = (
					"DEBUG=1",
					"$(inherited)",
				);
				GCC_WARN_64_TO_32_BIT_CONVERSION = YES;
				GCC_WARN_ABOUT_RETURN_TYPE = YES_ERROR;
				GCC_WARN_UNDECLARED_SELECTOR = YES;
				GCC_WARN_UNINITIALIZED_AUTOS = YES_AGGRESSIVE;
				GCC_WARN_UNUSED_FUNCTION = YES;
				GCC_WARN_UNUSED_VARIABLE = YES;
				IPHONEOS_DEPLOYMENT_TARGET = 10.3;
				MTL_ENABLE_DEBUG_INFO = YES;
				ONLY_ACTIVE_ARCH = YES;
				SDKROOT = iphoneos;
				SWIFT_ACTIVE_COMPILATION_CONDITIONS = DEBUG;
				SWIFT_OPTIMIZATION_LEVEL = "-Onone";
				TARGETED_DEVICE_FAMILY = "1,2";
			};
			name = Debug;
		};
		70BBE3D01ED9248C001D742F /* Release */ = {
			isa = XCBuildConfiguration;
			buildSettings = {
				ALWAYS_SEARCH_USER_PATHS = NO;
				CLANG_ANALYZER_NONNULL = YES;
				CLANG_ANALYZER_NUMBER_OBJECT_CONVERSION = YES_AGGRESSIVE;
				CLANG_CXX_LANGUAGE_STANDARD = "gnu++0x";
				CLANG_CXX_LIBRARY = "libc++";
				CLANG_ENABLE_MODULES = YES;
				CLANG_ENABLE_OBJC_ARC = YES;
				CLANG_WARN_BOOL_CONVERSION = YES;
				CLANG_WARN_CONSTANT_CONVERSION = YES;
				CLANG_WARN_DIRECT_OBJC_ISA_USAGE = YES_ERROR;
				CLANG_WARN_DOCUMENTATION_COMMENTS = YES;
				CLANG_WARN_EMPTY_BODY = YES;
				CLANG_WARN_ENUM_CONVERSION = YES;
				CLANG_WARN_INFINITE_RECURSION = YES;
				CLANG_WARN_INT_CONVERSION = YES;
				CLANG_WARN_OBJC_ROOT_CLASS = YES_ERROR;
				CLANG_WARN_SUSPICIOUS_MOVE = YES;
				CLANG_WARN_UNREACHABLE_CODE = YES;
				CLANG_WARN__DUPLICATE_METHOD_MATCH = YES;
				"CODE_SIGN_IDENTITY[sdk=iphoneos*]" = "iPhone Developer";
				COPY_PHASE_STRIP = NO;
				DEBUG_INFORMATION_FORMAT = "dwarf-with-dsym";
				ENABLE_NS_ASSERTIONS = NO;
				ENABLE_STRICT_OBJC_MSGSEND = YES;
				GCC_C_LANGUAGE_STANDARD = gnu99;
				GCC_NO_COMMON_BLOCKS = YES;
				GCC_WARN_64_TO_32_BIT_CONVERSION = YES;
				GCC_WARN_ABOUT_RETURN_TYPE = YES_ERROR;
				GCC_WARN_UNDECLARED_SELECTOR = YES;
				GCC_WARN_UNINITIALIZED_AUTOS = YES_AGGRESSIVE;
				GCC_WARN_UNUSED_FUNCTION = YES;
				GCC_WARN_UNUSED_VARIABLE = YES;
				IPHONEOS_DEPLOYMENT_TARGET = 10.3;
				MTL_ENABLE_DEBUG_INFO = NO;
				SDKROOT = iphoneos;
				SWIFT_OPTIMIZATION_LEVEL = "-Owholemodule";
				TARGETED_DEVICE_FAMILY = "1,2";
				VALIDATE_PRODUCT = YES;
			};
			name = Release;
		};
		70BBE3D21ED9248C001D742F /* Debug */ = {
			isa = XCBuildConfiguration;
			buildSettings = {
				ASSETCATALOG_COMPILER_APPICON_NAME = AppIcon;
				DEVELOPMENT_TEAM = 7523YW79F8;
				INFOPLIST_FILE = SoolyCaculator/Info.plist;
				LD_RUNPATH_SEARCH_PATHS = "$(inherited) @executable_path/Frameworks";
				PRODUCT_BUNDLE_IDENTIFIER = Sooly.SoolyCaculator;
				PRODUCT_NAME = "$(TARGET_NAME)";
				SWIFT_VERSION = 3.0;
				TARGETED_DEVICE_FAMILY = "1,2";
			};
			name = Debug;
		};
		70BBE3D31ED9248C001D742F /* Release */ = {
			isa = XCBuildConfiguration;
			buildSettings = {
				ASSETCATALOG_COMPILER_APPICON_NAME = AppIcon;
				DEVELOPMENT_TEAM = 7523YW79F8;
				INFOPLIST_FILE = SoolyCaculator/Info.plist;
				LD_RUNPATH_SEARCH_PATHS = "$(inherited) @executable_path/Frameworks";
				PRODUCT_BUNDLE_IDENTIFIER = Sooly.SoolyCaculator;
				PRODUCT_NAME = "$(TARGET_NAME)";
				SWIFT_VERSION = 3.0;
				TARGETED_DEVICE_FAMILY = "1,2";
			};
			name = Release;
		};
		70BBE3D51ED9248C001D742F /* Debug */ = {
			isa = XCBuildConfiguration;
			buildSettings = {
				ALWAYS_EMBED_SWIFT_STANDARD_LIBRARIES = YES;
				BUNDLE_LOADER = "$(TEST_HOST)";
				DEVELOPMENT_TEAM = 7523YW79F8;
				INFOPLIST_FILE = SoolyCaculatorTests/Info.plist;
				LD_RUNPATH_SEARCH_PATHS = "$(inherited) @executable_path/Frameworks @loader_path/Frameworks";
				PRODUCT_BUNDLE_IDENTIFIER = Sooly.SoolyCaculatorTests;
				PRODUCT_NAME = "$(TARGET_NAME)";
				SWIFT_VERSION = 3.0;
				TEST_HOST = "$(BUILT_PRODUCTS_DIR)/SoolyCaculator.app/SoolyCaculator";
			};
			name = Debug;
		};
		70BBE3D61ED9248C001D742F /* Release */ = {
			isa = XCBuildConfiguration;
			buildSettings = {
				ALWAYS_EMBED_SWIFT_STANDARD_LIBRARIES = YES;
				BUNDLE_LOADER = "$(TEST_HOST)";
				DEVELOPMENT_TEAM = 7523YW79F8;
				INFOPLIST_FILE = SoolyCaculatorTests/Info.plist;
				LD_RUNPATH_SEARCH_PATHS = "$(inherited) @executable_path/Frameworks @loader_path/Frameworks";
				PRODUCT_BUNDLE_IDENTIFIER = Sooly.SoolyCaculatorTests;
				PRODUCT_NAME = "$(TARGET_NAME)";
				SWIFT_VERSION = 3.0;
				TEST_HOST = "$(BUILT_PRODUCTS_DIR)/SoolyCaculator.app/SoolyCaculator";
			};
			name = Release;
		};
		70BBE3D81ED9248C001D742F /* Debug */ = {
			isa = XCBuildConfiguration;
			buildSettings = {
				ALWAYS_EMBED_SWIFT_STANDARD_LIBRARIES = YES;
				DEVELOPMENT_TEAM = 7523YW79F8;
				INFOPLIST_FILE = SoolyCaculatorUITests/Info.plist;
				LD_RUNPATH_SEARCH_PATHS = "$(inherited) @executable_path/Frameworks @loader_path/Frameworks";
				PRODUCT_BUNDLE_IDENTIFIER = Sooly.SoolyCaculatorUITests;
				PRODUCT_NAME = "$(TARGET_NAME)";
				SWIFT_VERSION = 3.0;
				TEST_TARGET_NAME = SoolyCaculator;
			};
			name = Debug;
		};
		70BBE3D91ED9248C001D742F /* Release */ = {
			isa = XCBuildConfiguration;
			buildSettings = {
				ALWAYS_EMBED_SWIFT_STANDARD_LIBRARIES = YES;
				DEVELOPMENT_TEAM = 7523YW79F8;
				INFOPLIST_FILE = SoolyCaculatorUITests/Info.plist;
				LD_RUNPATH_SEARCH_PATHS = "$(inherited) @executable_path/Frameworks @loader_path/Frameworks";
				PRODUCT_BUNDLE_IDENTIFIER = Sooly.SoolyCaculatorUITests;
				PRODUCT_NAME = "$(TARGET_NAME)";
				SWIFT_VERSION = 3.0;
				TEST_TARGET_NAME = SoolyCaculator;
			};
			name = Release;
		};
/* End XCBuildConfiguration section */

/* Begin XCConfigurationList section */
		70BBE3A41ED9248A001D742F /* Build configuration list for PBXProject "SoolyCaculator" */ = {
			isa = XCConfigurationList;
			buildConfigurations = (
				70BBE3CF1ED9248C001D742F /* Debug */,
				70BBE3D01ED9248C001D742F /* Release */,
			);
			defaultConfigurationIsVisible = 0;
			defaultConfigurationName = Release;
		};
		70BBE3D11ED9248C001D742F /* Build configuration list for PBXNativeTarget "SoolyCaculator" */ = {
			isa = XCConfigurationList;
			buildConfigurations = (
				70BBE3D21ED9248C001D742F /* Debug */,
				70BBE3D31ED9248C001D742F /* Release */,
			);
			defaultConfigurationIsVisible = 0;
			defaultConfigurationName = Release;
		};
		70BBE3D41ED9248C001D742F /* Build configuration list for PBXNativeTarget "SoolyCaculatorTests" */ = {
			isa = XCConfigurationList;
			buildConfigurations = (
				70BBE3D51ED9248C001D742F /* Debug */,
				70BBE3D61ED9248C001D742F /* Release */,
			);
			defaultConfigurationIsVisible = 0;
			defaultConfigurationName = Release;
		};
		70BBE3D71ED9248C001D742F /* Build configuration list for PBXNativeTarget "SoolyCaculatorUITests" */ = {
			isa = XCConfigurationList;
			buildConfigurations = (
				70BBE3D81ED9248C001D742F /* Debug */,
				70BBE3D91ED9248C001D742F /* Release */,
			);
			defaultConfigurationIsVisible = 0;
			defaultConfigurationName = Release;
		};
/* End XCConfigurationList section */
	};
	rootObject = 70BBE3A11ED9248A001D742F /* Project object */;
}
